
Microsoft Visual Studio Solution File, Format Version 12.00
# Visual Studio Version 17
VisualStudioVersion = 17.5.002.0
MinimumVisualStudioVersion = 10.0.40219.1
Project("{9A19103F-16F7-4668-BE54-9A1E7A4F7556}") = "final_test_part_1", "final_test_part_1.csproj", "{8482B6F0-B9DD-46C4-8CEC-8B8E2F8E57BA}"
EndProject
Global
	GlobalSection(SolutionConfigurationPlatforms) = preSolution
		Debug|Any CPU = Debug|Any CPU
		Release|Any CPU = Release|Any CPU
	EndGlobalSection
	GlobalSection(ProjectConfigurationPlatforms) = postSolution
		{8482B6F0-B9DD-46C4-8CEC-8B8E2F8E57BA}.Debug|Any CPU.ActiveCfg = Debug|Any CPU
		{8482B6F0-B9DD-46C4-8CEC-8B8E2F8E57BA}.Debug|Any CPU.Build.0 = Debug|Any CPU
		{8482B6F0-B9DD-46C4-8CEC-8B8E2F8E57BA}.Release|Any CPU.ActiveCfg = Release|Any CPU
		{8482B6F0-B9DD-46C4-8CEC-8B8E2F8E57BA}.Release|Any CPU.Build.0 = Release|Any CPU
	EndGlobalSection
	GlobalSection(SolutionProperties) = preSolution
		HideSolutionNode = FALSE
	EndGlobalSection
	GlobalSection(ExtensibilityGlobals) = postSolution
		SolutionGuid = {85F06F14-5756-4648-949B-7DAD93BCD260}
	EndGlobalSection
EndGlobal
